
Microsoft Visual Studio Solution File, Format Version 12.00
# Visual Studio Version 16
VisualStudioVersion = 16.0.30320.27
MinimumVisualStudioVersion = 10.0.40219.1
Project("{FAE04EC0-301F-11D3-BF4B-00C04F79EFBC}") = "TPS_PAV", "TPS_PAV.csproj", "{ECEFFF24-CA9D-40F2-AEAF-E9D1A680F411}"
EndProject
Global
	GlobalSection(SolutionConfigurationPlatforms) = preSolution
		Debug|Any CPU = Debug|Any CPU
		Release|Any CPU = Release|Any CPU
	EndGlobalSection
	GlobalSection(ProjectConfigurationPlatforms) = postSolution
		{ECEFFF24-CA9D-40F2-AEAF-E9D1A680F411}.Debug|Any CPU.ActiveCfg = Debug|Any CPU
		{ECEFFF24-CA9D-40F2-AEAF-E9D1A680F411}.Debug|Any CPU.Build.0 = Debug|Any CPU
		{ECEFFF24-CA9D-40F2-AEAF-E9D1A680F411}.Release|Any CPU.ActiveCfg = Release|Any CPU
		{ECEFFF24-CA9D-40F2-AEAF-E9D1A680F411}.Release|Any CPU.Build.0 = Release|Any CPU
	EndGlobalSection
	GlobalSection(SolutionProperties) = preSolution
		HideSolutionNode = FALSE
	EndGlobalSection
	GlobalSection(ExtensibilityGlobals) = postSolution
		SolutionGuid = {4F22B140-DD3F-44AC-9B5E-8E1E1716F22F}
	EndGlobalSection
EndGlobal
